
Microsoft Visual Studio Solution File, Format Version 12.00
# Visual Studio 15
VisualStudioVersion = 15.0.28307.329
MinimumVisualStudioVersion = 10.0.40219.1
Project("{FAE04EC0-301F-11D3-BF4B-00C04F79EFBC}") = "CharacterCreator.Winforms", "CharacterCreator.Winforms\CharacterCreator.Winforms.csproj", "{FBF39FC6-23FC-479F-ADC2-A3A97D8A1005}"
EndProject
Global
	GlobalSection(SolutionConfigurationPlatforms) = preSolution
		Debug|Any CPU = Debug|Any CPU
		Release|Any CPU = Release|Any CPU
	EndGlobalSection
	GlobalSection(ProjectConfigurationPlatforms) = postSolution
		{FBF39FC6-23FC-479F-ADC2-A3A97D8A1005}.Debug|Any CPU.ActiveCfg = Debug|Any CPU
		{FBF39FC6-23FC-479F-ADC2-A3A97D8A1005}.Debug|Any CPU.Build.0 = Debug|Any CPU
		{FBF39FC6-23FC-479F-ADC2-A3A97D8A1005}.Release|Any CPU.ActiveCfg = Release|Any CPU
		{FBF39FC6-23FC-479F-ADC2-A3A97D8A1005}.Release|Any CPU.Build.0 = Release|Any CPU
	EndGlobalSection
	GlobalSection(SolutionProperties) = preSolution
		HideSolutionNode = FALSE
	EndGlobalSection
	GlobalSection(ExtensibilityGlobals) = postSolution
		SolutionGuid = {AAD594EF-6B84-41E5-9447-45D7D88494F5}
	EndGlobalSection
EndGlobal
